
Microsoft Visual Studio Solution File, Format Version 12.00
# Visual Studio Version 17
VisualStudioVersion = 17.0.31611.283
MinimumVisualStudioVersion = 10.0.40219.1
Project("{9A19103F-16F7-4668-BE54-9A1E7A4F7556}") = "Donmee.Client", "Donmee.Client\Donmee.Client.csproj", "{61519300-3663-4C9F-86D2-F7113301DDF7}"
EndProject
Project("{2150E333-8FDC-42A3-9474-1A3956D46DE8}") = "Infrastructure", "Infrastructure", "{0E9F11D8-B71C-460D-8AEE-3DFECD5C8A7C}"
EndProject
Project("{2150E333-8FDC-42A3-9474-1A3956D46DE8}") = "Presentation", "Presentation", "{132A6D8A-B580-4C46-AEE3-E97AE67FA669}"
EndProject
Project("{2150E333-8FDC-42A3-9474-1A3956D46DE8}") = "Tests", "Tests", "{6C60E7B4-3BE7-409B-89D9-377F74162AF1}"
EndProject
Project("{9A19103F-16F7-4668-BE54-9A1E7A4F7556}") = "FrontendRepositoryUnitTests", "FrontendRepositoryUnitTests\FrontendRepositoryUnitTests.csproj", "{AD60BCF2-D0DA-43FE-A363-55CE32D0FFC6}"
	ProjectSection(ProjectDependencies) = postProject
		{10759F1C-A9DC-4091-B822-064F317A60A3} = {10759F1C-A9DC-4091-B822-064F317A60A3}
	EndProjectSection
EndProject
Project("{9A19103F-16F7-4668-BE54-9A1E7A4F7556}") = "Donmee.DataServices", "Donmee.DataServices\Donmee.DataServices.csproj", "{10759F1C-A9DC-4091-B822-064F317A60A3}"
EndProject
Project("{2150E333-8FDC-42A3-9474-1A3956D46DE8}") = "Core", "Core", "{F0139B71-93F4-4C5C-85F7-C9443809CB66}"
EndProject
Project("{FAE04EC0-301F-11D3-BF4B-00C04F79EFBC}") = "Donmee.Domain", "Donmee.Domain\Donmee.Domain.csproj", "{2C393901-8785-4C26-9766-E17395C53A86}"
EndProject
Global
	GlobalSection(SolutionConfigurationPlatforms) = preSolution
		Debug|Any CPU = Debug|Any CPU
		Release|Any CPU = Release|Any CPU
	EndGlobalSection
	GlobalSection(ProjectConfigurationPlatforms) = postSolution
		{61519300-3663-4C9F-86D2-F7113301DDF7}.Debug|Any CPU.ActiveCfg = Debug|Any CPU
		{61519300-3663-4C9F-86D2-F7113301DDF7}.Debug|Any CPU.Build.0 = Debug|Any CPU
		{61519300-3663-4C9F-86D2-F7113301DDF7}.Debug|Any CPU.Deploy.0 = Debug|Any CPU
		{61519300-3663-4C9F-86D2-F7113301DDF7}.Release|Any CPU.ActiveCfg = Release|Any CPU
		{61519300-3663-4C9F-86D2-F7113301DDF7}.Release|Any CPU.Build.0 = Release|Any CPU
		{61519300-3663-4C9F-86D2-F7113301DDF7}.Release|Any CPU.Deploy.0 = Release|Any CPU
		{AD60BCF2-D0DA-43FE-A363-55CE32D0FFC6}.Debug|Any CPU.ActiveCfg = Debug|Any CPU
		{AD60BCF2-D0DA-43FE-A363-55CE32D0FFC6}.Debug|Any CPU.Build.0 = Debug|Any CPU
		{AD60BCF2-D0DA-43FE-A363-55CE32D0FFC6}.Release|Any CPU.ActiveCfg = Release|Any CPU
		{AD60BCF2-D0DA-43FE-A363-55CE32D0FFC6}.Release|Any CPU.Build.0 = Release|Any CPU
		{10759F1C-A9DC-4091-B822-064F317A60A3}.Debug|Any CPU.ActiveCfg = Debug|Any CPU
		{10759F1C-A9DC-4091-B822-064F317A60A3}.Debug|Any CPU.Build.0 = Debug|Any CPU
		{10759F1C-A9DC-4091-B822-064F317A60A3}.Release|Any CPU.ActiveCfg = Release|Any CPU
		{10759F1C-A9DC-4091-B822-064F317A60A3}.Release|Any CPU.Build.0 = Release|Any CPU
		{2C393901-8785-4C26-9766-E17395C53A86}.Debug|Any CPU.ActiveCfg = Debug|Any CPU
		{2C393901-8785-4C26-9766-E17395C53A86}.Debug|Any CPU.Build.0 = Debug|Any CPU
		{2C393901-8785-4C26-9766-E17395C53A86}.Release|Any CPU.ActiveCfg = Release|Any CPU
		{2C393901-8785-4C26-9766-E17395C53A86}.Release|Any CPU.Build.0 = Release|Any CPU
	EndGlobalSection
	GlobalSection(SolutionProperties) = preSolution
		HideSolutionNode = FALSE
	EndGlobalSection
	GlobalSection(NestedProjects) = preSolution
		{61519300-3663-4C9F-86D2-F7113301DDF7} = {132A6D8A-B580-4C46-AEE3-E97AE67FA669}
		{AD60BCF2-D0DA-43FE-A363-55CE32D0FFC6} = {6C60E7B4-3BE7-409B-89D9-377F74162AF1}
		{10759F1C-A9DC-4091-B822-064F317A60A3} = {0E9F11D8-B71C-460D-8AEE-3DFECD5C8A7C}
		{2C393901-8785-4C26-9766-E17395C53A86} = {F0139B71-93F4-4C5C-85F7-C9443809CB66}
	EndGlobalSection
	GlobalSection(ExtensibilityGlobals) = postSolution
		SolutionGuid = {61F7FB11-1E47-470C-91E2-47F8143E1572}
	EndGlobalSection
EndGlobal
