
Microsoft Visual Studio Solution File, Format Version 12.00
# Visual Studio Version 17
VisualStudioVersion = 17.4.33213.308
MinimumVisualStudioVersion = 10.0.40219.1
Project("{2150E333-8FDC-42A3-9474-1A3956D46DE8}") = "Core", "Core", "{5FE2267C-C30A-43FE-8EB0-8B64B91CE367}"
EndProject
Project("{2150E333-8FDC-42A3-9474-1A3956D46DE8}") = "Infrastructure", "Infrastructure", "{B345201C-842D-4A1F-B5C6-1C1AC0CECBE2}"
EndProject
Project("{2150E333-8FDC-42A3-9474-1A3956D46DE8}") = "Presentation", "Presentation", "{C4FEB2CE-51E4-41C8-894C-CF6C1D18CBAC}"
EndProject
Project("{2150E333-8FDC-42A3-9474-1A3956D46DE8}") = "Tests", "Tests", "{4259A307-924F-4C3D-A78B-68E43044419F}"
EndProject
Project("{9A19103F-16F7-4668-BE54-9A1E7A4F7556}") = "Donmee.Persistence", "Donmee.Persistence\Donmee.Persistence.csproj", "{2CEC98E6-26D7-4809-A1F8-0BC85478BBC4}"
EndProject
Project("{9A19103F-16F7-4668-BE54-9A1E7A4F7556}") = "Donmee.WebApi", "Donmee.WebApi\Donmee.WebApi.csproj", "{1E5F4D3D-3116-4B12-8454-D90F87ED1C34}"
EndProject
Project("{9A19103F-16F7-4668-BE54-9A1E7A4F7556}") = "BackEndUnitTests", "BackEndUnitTests\BackEndUnitTests.csproj", "{F3613058-958A-47E6-B79E-57BA86F229DE}"
EndProject
Project("{9A19103F-16F7-4668-BE54-9A1E7A4F7556}") = "Donmee.Domain", "Donmee.Domain\Donmee.Domain.csproj", "{8471F797-5306-46B9-9C75-61120C288604}"
EndProject
Project("{9A19103F-16F7-4668-BE54-9A1E7A4F7556}") = "Donmee.Application", "Donmee.Application\Donmee.Application.csproj", "{3B92B2E9-BF03-4F11-8152-4EE54033D408}"
EndProject
Global
	GlobalSection(SolutionConfigurationPlatforms) = preSolution
		Debug|Any CPU = Debug|Any CPU
		Release|Any CPU = Release|Any CPU
	EndGlobalSection
	GlobalSection(ProjectConfigurationPlatforms) = postSolution
		{2CEC98E6-26D7-4809-A1F8-0BC85478BBC4}.Debug|Any CPU.ActiveCfg = Debug|Any CPU
		{2CEC98E6-26D7-4809-A1F8-0BC85478BBC4}.Debug|Any CPU.Build.0 = Debug|Any CPU
		{2CEC98E6-26D7-4809-A1F8-0BC85478BBC4}.Release|Any CPU.ActiveCfg = Release|Any CPU
		{2CEC98E6-26D7-4809-A1F8-0BC85478BBC4}.Release|Any CPU.Build.0 = Release|Any CPU
		{1E5F4D3D-3116-4B12-8454-D90F87ED1C34}.Debug|Any CPU.ActiveCfg = Debug|Any CPU
		{1E5F4D3D-3116-4B12-8454-D90F87ED1C34}.Debug|Any CPU.Build.0 = Debug|Any CPU
		{1E5F4D3D-3116-4B12-8454-D90F87ED1C34}.Release|Any CPU.ActiveCfg = Release|Any CPU
		{1E5F4D3D-3116-4B12-8454-D90F87ED1C34}.Release|Any CPU.Build.0 = Release|Any CPU
		{F3613058-958A-47E6-B79E-57BA86F229DE}.Debug|Any CPU.ActiveCfg = Debug|Any CPU
		{F3613058-958A-47E6-B79E-57BA86F229DE}.Debug|Any CPU.Build.0 = Debug|Any CPU
		{F3613058-958A-47E6-B79E-57BA86F229DE}.Release|Any CPU.ActiveCfg = Release|Any CPU
		{F3613058-958A-47E6-B79E-57BA86F229DE}.Release|Any CPU.Build.0 = Release|Any CPU
		{8471F797-5306-46B9-9C75-61120C288604}.Debug|Any CPU.ActiveCfg = Debug|Any CPU
		{8471F797-5306-46B9-9C75-61120C288604}.Debug|Any CPU.Build.0 = Debug|Any CPU
		{8471F797-5306-46B9-9C75-61120C288604}.Release|Any CPU.ActiveCfg = Release|Any CPU
		{8471F797-5306-46B9-9C75-61120C288604}.Release|Any CPU.Build.0 = Release|Any CPU
		{3B92B2E9-BF03-4F11-8152-4EE54033D408}.Debug|Any CPU.ActiveCfg = Debug|Any CPU
		{3B92B2E9-BF03-4F11-8152-4EE54033D408}.Debug|Any CPU.Build.0 = Debug|Any CPU
		{3B92B2E9-BF03-4F11-8152-4EE54033D408}.Release|Any CPU.ActiveCfg = Release|Any CPU
		{3B92B2E9-BF03-4F11-8152-4EE54033D408}.Release|Any CPU.Build.0 = Release|Any CPU
	EndGlobalSection
	GlobalSection(SolutionProperties) = preSolution
		HideSolutionNode = FALSE
	EndGlobalSection
	GlobalSection(NestedProjects) = preSolution
		{2CEC98E6-26D7-4809-A1F8-0BC85478BBC4} = {B345201C-842D-4A1F-B5C6-1C1AC0CECBE2}
		{1E5F4D3D-3116-4B12-8454-D90F87ED1C34} = {C4FEB2CE-51E4-41C8-894C-CF6C1D18CBAC}
		{F3613058-958A-47E6-B79E-57BA86F229DE} = {4259A307-924F-4C3D-A78B-68E43044419F}
		{8471F797-5306-46B9-9C75-61120C288604} = {5FE2267C-C30A-43FE-8EB0-8B64B91CE367}
		{3B92B2E9-BF03-4F11-8152-4EE54033D408} = {5FE2267C-C30A-43FE-8EB0-8B64B91CE367}
	EndGlobalSection
	GlobalSection(ExtensibilityGlobals) = postSolution
		SolutionGuid = {F0A0C783-0005-4A93-8D5D-2916E611ABDB}
	EndGlobalSection
EndGlobal
